{
  "nodes": {
    "nixpkgs": {
      "locked": {
        "lastModified": 1720957393,
        "narHash": "sha256-oedh2RwpjEa+TNxhg5Je9Ch6d3W1NKi7DbRO1ziHemA=",
        "owner": "nixos",
        "repo": "nixpkgs",
        "rev": "693bc46d169f5af9c992095736e82c3488bf7dbb",
        "type": "github"
      },
      "original": {
        "owner": "nixos",
        "ref": "nixos-unstable",
        "repo": "nixpkgs",
        "type": "github"
      }
    },
    "root": {
      "inputs": {
        "nixpkgs": "nixpkgs",
        "sqlfluff_0_8_2": "sqlfluff_0_8_2"
      }
    },
    "sqlfluff_0_8_2": {
      "locked": {
        "lastModified": 1641135641,
        "narHash": "sha256-Vh7B9JTgsx9/0bH7YxLkj4DA/WraY3pnBH8Tc+490YM=",
        "owner": "nixos",
        "repo": "nixpkgs",
        "rev": "61d24cba72831201efcab419f19b947cf63a2d61",
        "type": "github"
      },
      "original": {
        "owner": "nixos",
        "repo": "nixpkgs",
        "rev": "61d24cba72831201efcab419f19b947cf63a2d61",
        "type": "github"
      }
    }
  },
  "root": "root",
  "version": 7
}
